{
  "name": "SCRIPT",
  "lockfileVersion": 3,
  "requires": true,
  "packages": {
    "": {
      "devDependencies": {
        "@intervals-icu/js-data-model": "^1.0.4"
      }
    },
    "node_modules/@intervals-icu/js-data-model": {
      "version": "1.0.4",
      "resolved": "https://registry.npmjs.org/@intervals-icu/js-data-model/-/js-data-model-1.0.4.tgz",
      "integrity": "sha512-fdDPF1f1WrGrJD/RTiEH2UPYe+jC+lAq9Izf6JekuZVDW01oxhwPDjBBtPPcmFy9NdgCEz4E9/Qr+Vt6iNq9dA==",
      "dev": true,
      "license": "MIT"
    }
  }
}
